# This file was autogenerated by Stack.
# You should not edit this file by hand.
# For more information, please see the documentation at:
#   https://docs.haskellstack.org/en/stable/lock_files

packages:
- completed:
    hackage: FTGL-2.1@sha256:299c20bb73653bf7047e3103375aac800653eb6b0dc9e69aaf3e1ac3180ce8ca,842
    pantry-tree:
      size: 215
      sha256: 9e5876a83f8b798b4f7ecc282c796d71caac7a6fbca71459cd2725fd0ba9cbf1
  original:
    hackage: FTGL-2.1@sha256:299c20bb73653bf7047e3103375aac800653eb6b0dc9e69aaf3e1ac3180ce8ca,842
snapshots:
- completed:
    size: 524996
    url: https://raw.githubusercontent.com/commercialhaskell/stackage-snapshots/master/lts/14/27.yaml
    sha256: 7ea31a280c56bf36ff591a7397cc384d0dff622e7f9e4225b47d8980f019a0f0
  original: lts-14.27
