# This file was autogenerated by Stack.
# You should not edit this file by hand.
# For more information, please see the documentation at:
#   https://docs.haskellstack.org/en/stable/lock_files

packages:
- completed:
    hackage: FTGL-2.1@sha256:299c20bb73653bf7047e3103375aac800653eb6b0dc9e69aaf3e1ac3180ce8ca,842
    pantry-tree:
      size: 215
      sha256: 9e5876a83f8b798b4f7ecc282c796d71caac7a6fbca71459cd2725fd0ba9cbf1
  original:
    hackage: FTGL-2.1@sha256:299c20bb73653bf7047e3103375aac800653eb6b0dc9e69aaf3e1ac3180ce8ca,842
snapshots:
- completed:
    size: 532172
    url: https://raw.githubusercontent.com/commercialhaskell/stackage-snapshots/master/lts/16/18.yaml
    sha256: 4f2a092c6f4869854e8d7435ab98ce5157c641022c3cbfc4c4614ff3db752e62
  original: lts-16.18
